
Microsoft Visual Studio Solution File, Format Version 12.00
# Visual Studio Version 17
VisualStudioVersion = 17.8.34227.203
MinimumVisualStudioVersion = 10.0.40219.1
Project("{FAE04EC0-301F-11D3-BF4B-00C04F79EFBC}") = "NivelAccesDate_SQLServer", "DataAccessLayer_SQLServer\NivelAccesDate_SQLServer.csproj", "{FBE4D4F6-6900-4718-AA88-66B5396F7D3F}"
EndProject
Project("{FAE04EC0-301F-11D3-BF4B-00C04F79EFBC}") = "LibrarieModele", "LibrarieModele\LibrarieModele.csproj", "{8A468BE5-C3B3-4D70-9A48-59A08E84DB96}"
EndProject
Project("{FAE04EC0-301F-11D3-BF4B-00C04F79EFBC}") = "Repository_DBFirst", "Repository_DBFirst\Repository_DBFirst.csproj", "{98D214B8-47AD-47DD-9186-8A6C9749F19C}"
EndProject
Project("{FAE04EC0-301F-11D3-BF4B-00C04F79EFBC}") = "NivelAccessDate_DBFirst", "NivelAccessDate_DBFirst\NivelAccessDate_DBFirst.csproj", "{0A6D8BF9-EB6D-4F0D-B237-62CB77EEBC02}"
EndProject
Project("{FAE04EC0-301F-11D3-BF4B-00C04F79EFBC}") = "BusinessLayer", "BusinessLayer\BusinessLayer.csproj", "{7C4289B6-D2BB-4D1C-976B-124450D6C5FC}"
EndProject
Project("{FAE04EC0-301F-11D3-BF4B-00C04F79EFBC}") = "DataAccessLayer_ORM_CF", "DataAccessLayer_ORM_CF\DataAccessLayer_ORM_CF.csproj", "{E8312B94-D179-4097-BA9C-93E7FBF4946E}"
EndProject
Project("{FAE04EC0-301F-11D3-BF4B-00C04F79EFBC}") = "DomainModels", "DomainModels\DomainModels.csproj", "{F906051B-EFF6-404A-A2CB-56DA9F079E3C}"
EndProject
Project("{FAE04EC0-301F-11D3-BF4B-00C04F79EFBC}") = "PresentationLayer_API", "PresentationLayer_API\PresentationLayer_API.csproj", "{C189B0B0-25E6-4C32-9D27-AD152FC77BCA}"
EndProject
Project("{FAE04EC0-301F-11D3-BF4B-00C04F79EFBC}") = "PresentationLayer_MVC", "PresentationLayer_MVC\PresentationLayer_MVC.csproj", "{C7C46741-659F-4DC0-9A8A-28C0DC9E06EB}"
EndProject
Global
	GlobalSection(SolutionConfigurationPlatforms) = preSolution
		Debug|Any CPU = Debug|Any CPU
		Debug|x86 = Debug|x86
		Release|Any CPU = Release|Any CPU
		Release|x86 = Release|x86
	EndGlobalSection
	GlobalSection(ProjectConfigurationPlatforms) = postSolution
		{FBE4D4F6-6900-4718-AA88-66B5396F7D3F}.Debug|Any CPU.ActiveCfg = Debug|Any CPU
		{FBE4D4F6-6900-4718-AA88-66B5396F7D3F}.Debug|Any CPU.Build.0 = Debug|Any CPU
		{FBE4D4F6-6900-4718-AA88-66B5396F7D3F}.Debug|x86.ActiveCfg = Debug|Any CPU
		{FBE4D4F6-6900-4718-AA88-66B5396F7D3F}.Debug|x86.Build.0 = Debug|Any CPU
		{FBE4D4F6-6900-4718-AA88-66B5396F7D3F}.Release|Any CPU.ActiveCfg = Release|Any CPU
		{FBE4D4F6-6900-4718-AA88-66B5396F7D3F}.Release|Any CPU.Build.0 = Release|Any CPU
		{FBE4D4F6-6900-4718-AA88-66B5396F7D3F}.Release|x86.ActiveCfg = Release|Any CPU
		{FBE4D4F6-6900-4718-AA88-66B5396F7D3F}.Release|x86.Build.0 = Release|Any CPU
		{8A468BE5-C3B3-4D70-9A48-59A08E84DB96}.Debug|Any CPU.ActiveCfg = Debug|Any CPU
		{8A468BE5-C3B3-4D70-9A48-59A08E84DB96}.Debug|Any CPU.Build.0 = Debug|Any CPU
		{8A468BE5-C3B3-4D70-9A48-59A08E84DB96}.Debug|x86.ActiveCfg = Debug|Any CPU
		{8A468BE5-C3B3-4D70-9A48-59A08E84DB96}.Debug|x86.Build.0 = Debug|Any CPU
		{8A468BE5-C3B3-4D70-9A48-59A08E84DB96}.Release|Any CPU.ActiveCfg = Release|Any CPU
		{8A468BE5-C3B3-4D70-9A48-59A08E84DB96}.Release|Any CPU.Build.0 = Release|Any CPU
		{8A468BE5-C3B3-4D70-9A48-59A08E84DB96}.Release|x86.ActiveCfg = Release|Any CPU
		{8A468BE5-C3B3-4D70-9A48-59A08E84DB96}.Release|x86.Build.0 = Release|Any CPU
		{98D214B8-47AD-47DD-9186-8A6C9749F19C}.Debug|Any CPU.ActiveCfg = Debug|Any CPU
		{98D214B8-47AD-47DD-9186-8A6C9749F19C}.Debug|Any CPU.Build.0 = Debug|Any CPU
		{98D214B8-47AD-47DD-9186-8A6C9749F19C}.Debug|x86.ActiveCfg = Debug|Any CPU
		{98D214B8-47AD-47DD-9186-8A6C9749F19C}.Debug|x86.Build.0 = Debug|Any CPU
		{98D214B8-47AD-47DD-9186-8A6C9749F19C}.Release|Any CPU.ActiveCfg = Release|Any CPU
		{98D214B8-47AD-47DD-9186-8A6C9749F19C}.Release|Any CPU.Build.0 = Release|Any CPU
		{98D214B8-47AD-47DD-9186-8A6C9749F19C}.Release|x86.ActiveCfg = Release|Any CPU
		{98D214B8-47AD-47DD-9186-8A6C9749F19C}.Release|x86.Build.0 = Release|Any CPU
		{0A6D8BF9-EB6D-4F0D-B237-62CB77EEBC02}.Debug|Any CPU.ActiveCfg = Debug|Any CPU
		{0A6D8BF9-EB6D-4F0D-B237-62CB77EEBC02}.Debug|Any CPU.Build.0 = Debug|Any CPU
		{0A6D8BF9-EB6D-4F0D-B237-62CB77EEBC02}.Debug|x86.ActiveCfg = Debug|Any CPU
		{0A6D8BF9-EB6D-4F0D-B237-62CB77EEBC02}.Debug|x86.Build.0 = Debug|Any CPU
		{0A6D8BF9-EB6D-4F0D-B237-62CB77EEBC02}.Release|Any CPU.ActiveCfg = Release|Any CPU
		{0A6D8BF9-EB6D-4F0D-B237-62CB77EEBC02}.Release|Any CPU.Build.0 = Release|Any CPU
		{0A6D8BF9-EB6D-4F0D-B237-62CB77EEBC02}.Release|x86.ActiveCfg = Release|Any CPU
		{0A6D8BF9-EB6D-4F0D-B237-62CB77EEBC02}.Release|x86.Build.0 = Release|Any CPU
		{7C4289B6-D2BB-4D1C-976B-124450D6C5FC}.Debug|Any CPU.ActiveCfg = Debug|Any CPU
		{7C4289B6-D2BB-4D1C-976B-124450D6C5FC}.Debug|Any CPU.Build.0 = Debug|Any CPU
		{7C4289B6-D2BB-4D1C-976B-124450D6C5FC}.Debug|x86.ActiveCfg = Debug|Any CPU
		{7C4289B6-D2BB-4D1C-976B-124450D6C5FC}.Debug|x86.Build.0 = Debug|Any CPU
		{7C4289B6-D2BB-4D1C-976B-124450D6C5FC}.Release|Any CPU.ActiveCfg = Release|Any CPU
		{7C4289B6-D2BB-4D1C-976B-124450D6C5FC}.Release|Any CPU.Build.0 = Release|Any CPU
		{7C4289B6-D2BB-4D1C-976B-124450D6C5FC}.Release|x86.ActiveCfg = Release|Any CPU
		{7C4289B6-D2BB-4D1C-976B-124450D6C5FC}.Release|x86.Build.0 = Release|Any CPU
		{E8312B94-D179-4097-BA9C-93E7FBF4946E}.Debug|Any CPU.ActiveCfg = Debug|Any CPU
		{E8312B94-D179-4097-BA9C-93E7FBF4946E}.Debug|Any CPU.Build.0 = Debug|Any CPU
		{E8312B94-D179-4097-BA9C-93E7FBF4946E}.Debug|x86.ActiveCfg = Debug|Any CPU
		{E8312B94-D179-4097-BA9C-93E7FBF4946E}.Debug|x86.Build.0 = Debug|Any CPU
		{E8312B94-D179-4097-BA9C-93E7FBF4946E}.Release|Any CPU.ActiveCfg = Release|Any CPU
		{E8312B94-D179-4097-BA9C-93E7FBF4946E}.Release|Any CPU.Build.0 = Release|Any CPU
		{E8312B94-D179-4097-BA9C-93E7FBF4946E}.Release|x86.ActiveCfg = Release|Any CPU
		{E8312B94-D179-4097-BA9C-93E7FBF4946E}.Release|x86.Build.0 = Release|Any CPU
		{F906051B-EFF6-404A-A2CB-56DA9F079E3C}.Debug|Any CPU.ActiveCfg = Debug|Any CPU
		{F906051B-EFF6-404A-A2CB-56DA9F079E3C}.Debug|Any CPU.Build.0 = Debug|Any CPU
		{F906051B-EFF6-404A-A2CB-56DA9F079E3C}.Debug|x86.ActiveCfg = Debug|Any CPU
		{F906051B-EFF6-404A-A2CB-56DA9F079E3C}.Debug|x86.Build.0 = Debug|Any CPU
		{F906051B-EFF6-404A-A2CB-56DA9F079E3C}.Release|Any CPU.ActiveCfg = Release|Any CPU
		{F906051B-EFF6-404A-A2CB-56DA9F079E3C}.Release|Any CPU.Build.0 = Release|Any CPU
		{F906051B-EFF6-404A-A2CB-56DA9F079E3C}.Release|x86.ActiveCfg = Release|Any CPU
		{F906051B-EFF6-404A-A2CB-56DA9F079E3C}.Release|x86.Build.0 = Release|Any CPU
		{C189B0B0-25E6-4C32-9D27-AD152FC77BCA}.Debug|Any CPU.ActiveCfg = Debug|Any CPU
		{C189B0B0-25E6-4C32-9D27-AD152FC77BCA}.Debug|Any CPU.Build.0 = Debug|Any CPU
		{C189B0B0-25E6-4C32-9D27-AD152FC77BCA}.Debug|x86.ActiveCfg = Debug|Any CPU
		{C189B0B0-25E6-4C32-9D27-AD152FC77BCA}.Debug|x86.Build.0 = Debug|Any CPU
		{C189B0B0-25E6-4C32-9D27-AD152FC77BCA}.Release|Any CPU.ActiveCfg = Release|Any CPU
		{C189B0B0-25E6-4C32-9D27-AD152FC77BCA}.Release|Any CPU.Build.0 = Release|Any CPU
		{C189B0B0-25E6-4C32-9D27-AD152FC77BCA}.Release|x86.ActiveCfg = Release|Any CPU
		{C189B0B0-25E6-4C32-9D27-AD152FC77BCA}.Release|x86.Build.0 = Release|Any CPU
		{C7C46741-659F-4DC0-9A8A-28C0DC9E06EB}.Debug|Any CPU.ActiveCfg = Debug|Any CPU
		{C7C46741-659F-4DC0-9A8A-28C0DC9E06EB}.Debug|Any CPU.Build.0 = Debug|Any CPU
		{C7C46741-659F-4DC0-9A8A-28C0DC9E06EB}.Debug|x86.ActiveCfg = Debug|Any CPU
		{C7C46741-659F-4DC0-9A8A-28C0DC9E06EB}.Debug|x86.Build.0 = Debug|Any CPU
		{C7C46741-659F-4DC0-9A8A-28C0DC9E06EB}.Release|Any CPU.ActiveCfg = Release|Any CPU
		{C7C46741-659F-4DC0-9A8A-28C0DC9E06EB}.Release|Any CPU.Build.0 = Release|Any CPU
		{C7C46741-659F-4DC0-9A8A-28C0DC9E06EB}.Release|x86.ActiveCfg = Release|Any CPU
		{C7C46741-659F-4DC0-9A8A-28C0DC9E06EB}.Release|x86.Build.0 = Release|Any CPU
	EndGlobalSection
	GlobalSection(SolutionProperties) = preSolution
		HideSolutionNode = FALSE
	EndGlobalSection
	GlobalSection(ExtensibilityGlobals) = postSolution
		SolutionGuid = {D85C12CC-05A0-4A32-852E-AC9CC8987291}
	EndGlobalSection
EndGlobal
